Microsoft Visual Studio Solution File, Format Version 12.00
# Visual Studio Version 17
VisualStudioVersion = 17.5.2.0
MinimumVisualStudioVersion = 10.0.40219.1
Project("{FAE04EC0-301F-11D3-BF4B-00C04F79EFBC}") = "MauiXamlCsharpSample", "MauiXamlCsharpSample.csproj", "{B44915B7-E1F3-56BD-1514-07AD6E7E5F91}"
EndProject
Global
	GlobalSection(SolutionConfigurationPlatforms) = preSolution
		Debug|Any CPU = Debug|Any CPU
		Release|Any CPU = Release|Any CPU
	EndGlobalSection
	GlobalSection(ProjectConfigurationPlatforms) = postSolution
		{B44915B7-E1F3-56BD-1514-07AD6E7E5F91}.Debug|Any CPU.ActiveCfg = Debug|Any CPU
		{B44915B7-E1F3-56BD-1514-07AD6E7E5F91}.Debug|Any CPU.Build.0 = Debug|Any CPU
		{B44915B7-E1F3-56BD-1514-07AD6E7E5F91}.Release|Any CPU.ActiveCfg = Release|Any CPU
		{B44915B7-E1F3-56BD-1514-07AD6E7E5F91}.Release|Any CPU.Build.0 = Release|Any CPU
	EndGlobalSection
	GlobalSection(SolutionProperties) = preSolution
		HideSolutionNode = FALSE
	EndGlobalSection
	GlobalSection(ExtensibilityGlobals) = postSolution
		SolutionGuid = {8B1432C9-830B-403A-9DED-5AAE839685E6}
	EndGlobalSection
EndGlobal
